
Microsoft Visual Studio Solution File, Format Version 12.00
# Visual Studio Version 16
VisualStudioVersion = 16.0.32901.82
MinimumVisualStudioVersion = 10.0.40219.1
Project("{D2ABAB84-BF74-430A-B69E-9DC6D40DDA17}") = "lab2part2", "lab2part2\lab2part2.dwproj", "{FD47988C-7237-45AD-91F4-7851A43DFEA3}"
EndProject
Global
	GlobalSection(SolutionConfigurationPlatforms) = preSolution
		Development|Default = Development|Default
	EndGlobalSection
	GlobalSection(ProjectConfigurationPlatforms) = postSolution
		{FD47988C-7237-45AD-91F4-7851A43DFEA3}.Development|Default.ActiveCfg = Development
		{FD47988C-7237-45AD-91F4-7851A43DFEA3}.Development|Default.Build.0 = Development
		{FD47988C-7237-45AD-91F4-7851A43DFEA3}.Development|Default.Deploy.0 = Development
	EndGlobalSection
	GlobalSection(SolutionProperties) = preSolution
		HideSolutionNode = FALSE
	EndGlobalSection
	GlobalSection(ExtensibilityGlobals) = postSolution
		SolutionGuid = {B34224C8-CCBF-4372-9867-F949AB6097B1}
	EndGlobalSection
EndGlobal
